
Microsoft Visual Studio Solution File, Format Version 12.00
# Visual Studio Version 16
VisualStudioVersion = 16.0.29911.84
MinimumVisualStudioVersion = 10.0.40219.1
Project("{FAE04EC0-301F-11D3-BF4B-00C04F79EFBC}") = "GameEngine", "GameEngine\GameEngine.csproj", "{F3E21003-0800-4D10-ACCB-6114AE34A14D}"
EndProject
Global
	GlobalSection(SolutionConfigurationPlatforms) = preSolution
		Debug|x86 = Debug|x86
		Release|x86 = Release|x86
	EndGlobalSection
	GlobalSection(ProjectConfigurationPlatforms) = postSolution
		{F3E21003-0800-4D10-ACCB-6114AE34A14D}.Debug|x86.ActiveCfg = Debug|x86
		{F3E21003-0800-4D10-ACCB-6114AE34A14D}.Debug|x86.Build.0 = Debug|x86
		{F3E21003-0800-4D10-ACCB-6114AE34A14D}.Release|x86.ActiveCfg = Release|x86
		{F3E21003-0800-4D10-ACCB-6114AE34A14D}.Release|x86.Build.0 = Release|x86
	EndGlobalSection
	GlobalSection(SolutionProperties) = preSolution
		HideSolutionNode = FALSE
	EndGlobalSection
	GlobalSection(ExtensibilityGlobals) = postSolution
		SolutionGuid = {97A0FD8B-3A40-4C4E-BDEB-ABD2CE9E73F4}
	EndGlobalSection
EndGlobal
